
Microsoft Visual Studio Solution File, Format Version 12.00
# Visual Studio 14
VisualStudioVersion = 14.0.25420.1
MinimumVisualStudioVersion = 10.0.40219.1
Project("{FAE04EC0-301F-11D3-BF4B-00C04F79EFBC}") = "ForeingExchange2.Android", "ForeingExchange2\ForeingExchange2.Android\ForeingExchange2.Android.csproj", "{C0DCB100-D0C0-493E-BBA4-3CDC550B1BAA}"
EndProject
Project("{FAE04EC0-301F-11D3-BF4B-00C04F79EFBC}") = "ForeingExchange2", "ForeingExchange2\ForeingExchange2\ForeingExchange2.csproj", "{9EAB6060-B3CE-4CF2-81CD-DC8DA0A9084F}"
EndProject
Project("{FAE04EC0-301F-11D3-BF4B-00C04F79EFBC}") = "ForeingExchange2.UWP", "ForeingExchange2\ForeingExchange2.UWP\ForeingExchange2.UWP.csproj", "{8AAA2591-1BAB-4273-9E50-C3AB22685176}"
EndProject
Project("{FAE04EC0-301F-11D3-BF4B-00C04F79EFBC}") = "ForeingExchange2.iOS", "ForeingExchange2\ForeingExchange2.iOS\ForeingExchange2.iOS.csproj", "{C5B9BCE6-AD77-45E2-A02F-7FA99CCDA8AD}"
EndProject
Global
	GlobalSection(SolutionConfigurationPlatforms) = preSolution
		Ad-Hoc|Any CPU = Ad-Hoc|Any CPU
		Ad-Hoc|ARM = Ad-Hoc|ARM
		Ad-Hoc|iPhone = Ad-Hoc|iPhone
		Ad-Hoc|iPhoneSimulator = Ad-Hoc|iPhoneSimulator
		Ad-Hoc|x64 = Ad-Hoc|x64
		Ad-Hoc|x86 = Ad-Hoc|x86
		AppStore|Any CPU = AppStore|Any CPU
		AppStore|ARM = AppStore|ARM
		AppStore|iPhone = AppStore|iPhone
		AppStore|iPhoneSimulator = AppStore|iPhoneSimulator
		AppStore|x64 = AppStore|x64
		AppStore|x86 = AppStore|x86
		Debug|Any CPU = Debug|Any CPU
		Debug|ARM = Debug|ARM
		Debug|iPhone = Debug|iPhone
		Debug|iPhoneSimulator = Debug|iPhoneSimulator
		Debug|x64 = Debug|x64
		Debug|x86 = Debug|x86
		Release|Any CPU = Release|Any CPU
		Release|ARM = Release|ARM
		Release|iPhone = Release|iPhone
		Release|iPhoneSimulator = Release|iPhoneSimulator
		Release|x64 = Release|x64
		Release|x86 = Release|x86
	EndGlobalSection
	GlobalSection(ProjectConfigurationPlatforms) = postSolution
		{C0DCB100-D0C0-493E-BBA4-3CDC550B1BAA}.Ad-Hoc|Any CPU.ActiveCfg = Release|Any CPU
		{C0DCB100-D0C0-493E-BBA4-3CDC550B1BAA}.Ad-Hoc|Any CPU.Build.0 = Release|Any CPU
		{C0DCB100-D0C0-493E-BBA4-3CDC550B1BAA}.Ad-Hoc|Any CPU.Deploy.0 = Release|Any CPU
		{C0DCB100-D0C0-493E-BBA4-3CDC550B1BAA}.Ad-Hoc|ARM.ActiveCfg = Release|Any CPU
		{C0DCB100-D0C0-493E-BBA4-3CDC550B1BAA}.Ad-Hoc|ARM.Build.0 = Release|Any CPU
		{C0DCB100-D0C0-493E-BBA4-3CDC550B1BAA}.Ad-Hoc|ARM.Deploy.0 = Release|Any CPU
		{C0DCB100-D0C0-493E-BBA4-3CDC550B1BAA}.Ad-Hoc|iPhone.ActiveCfg = Release|Any CPU
		{C0DCB100-D0C0-493E-BBA4-3CDC550B1BAA}.Ad-Hoc|iPhone.Build.0 = Release|Any CPU
		{C0DCB100-D0C0-493E-BBA4-3CDC550B1BAA}.Ad-Hoc|iPhone.Deploy.0 = Release|Any CPU
		{C0DCB100-D0C0-493E-BBA4-3CDC550B1BAA}.Ad-Hoc|iPhoneSimulator.ActiveCfg = Release|Any CPU
		{C0DCB100-D0C0-493E-BBA4-3CDC550B1BAA}.Ad-Hoc|iPhoneSimulator.Build.0 = Release|Any CPU
		{C0DCB100-D0C0-493E-BBA4-3CDC550B1BAA}.Ad-Hoc|iPhoneSimulator.Deploy.0 = Release|Any CPU
		{C0DCB100-D0C0-493E-BBA4-3CDC550B1BAA}.Ad-Hoc|x64.ActiveCfg = Release|Any CPU
		{C0DCB100-D0C0-493E-BBA4-3CDC550B1BAA}.Ad-Hoc|x64.Build.0 = Release|Any CPU
		{C0DCB100-D0C0-493E-BBA4-3CDC550B1BAA}.Ad-Hoc|x64.Deploy.0 = Release|Any CPU
		{C0DCB100-D0C0-493E-BBA4-3CDC550B1BAA}.Ad-Hoc|x86.ActiveCfg = Release|Any CPU
		{C0DCB100-D0C0-493E-BBA4-3CDC550B1BAA}.Ad-Hoc|x86.Build.0 = Release|Any CPU
		{C0DCB100-D0C0-493E-BBA4-3CDC550B1BAA}.Ad-Hoc|x86.Deploy.0 = Release|Any CPU
		{C0DCB100-D0C0-493E-BBA4-3CDC550B1BAA}.AppStore|Any CPU.ActiveCfg = Release|Any CPU
		{C0DCB100-D0C0-493E-BBA4-3CDC550B1BAA}.AppStore|Any CPU.Build.0 = Release|Any CPU
		{C0DCB100-D0C0-493E-BBA4-3CDC550B1BAA}.AppStore|Any CPU.Deploy.0 = Release|Any CPU
		{C0DCB100-D0C0-493E-BBA4-3CDC550B1BAA}.AppStore|ARM.ActiveCfg = Release|Any CPU
		{C0DCB100-D0C0-493E-BBA4-3CDC550B1BAA}.AppStore|ARM.Build.0 = Release|Any CPU
		{C0DCB100-D0C0-493E-BBA4-3CDC550B1BAA}.AppStore|ARM.Deploy.0 = Release|Any CPU
		{C0DCB100-D0C0-493E-BBA4-3CDC550B1BAA}.AppStore|iPhone.ActiveCfg = Release|Any CPU
		{C0DCB100-D0C0-493E-BBA4-3CDC550B1BAA}.AppStore|iPhone.Build.0 = Release|Any CPU
		{C0DCB100-D0C0-493E-BBA4-3CDC550B1BAA}.AppStore|iPhone.Deploy.0 = Release|Any CPU
		{C0DCB100-D0C0-493E-BBA4-3CDC550B1BAA}.AppStore|iPhoneSimulator.ActiveCfg = Release|Any CPU
		{C0DCB100-D0C0-493E-BBA4-3CDC550B1BAA}.AppStore|iPhoneSimulator.Build.0 = Release|Any CPU
		{C0DCB100-D0C0-493E-BBA4-3CDC550B1BAA}.AppStore|iPhoneSimulator.Deploy.0 = Release|Any CPU
		{C0DCB100-D0C0-493E-BBA4-3CDC550B1BAA}.AppStore|x64.ActiveCfg = Release|Any CPU
		{C0DCB100-D0C0-493E-BBA4-3CDC550B1BAA}.AppStore|x64.Build.0 = Release|Any CPU
		{C0DCB100-D0C0-493E-BBA4-3CDC550B1BAA}.AppStore|x64.Deploy.0 = Release|Any CPU
		{C0DCB100-D0C0-493E-BBA4-3CDC550B1BAA}.AppStore|x86.ActiveCfg = Release|Any CPU
		{C0DCB100-D0C0-493E-BBA4-3CDC550B1BAA}.AppStore|x86.Build.0 = Release|Any CPU
		{C0DCB100-D0C0-493E-BBA4-3CDC550B1BAA}.AppStore|x86.Deploy.0 = Release|Any CPU
		{C0DCB100-D0C0-493E-BBA4-3CDC550B1BAA}.Debug|Any CPU.ActiveCfg = Debug|Any CPU
		{C0DCB100-D0C0-493E-BBA4-3CDC550B1BAA}.Debug|Any CPU.Build.0 = Debug|Any CPU
		{C0DCB100-D0C0-493E-BBA4-3CDC550B1BAA}.Debug|Any CPU.Deploy.0 = Debug|Any CPU
		{C0DCB100-D0C0-493E-BBA4-3CDC550B1BAA}.Debug|ARM.ActiveCfg = Debug|Any CPU
		{C0DCB100-D0C0-493E-BBA4-3CDC550B1BAA}.Debug|ARM.Build.0 = Debug|Any CPU
		{C0DCB100-D0C0-493E-BBA4-3CDC550B1BAA}.Debug|ARM.Deploy.0 = Debug|Any CPU
		{C0DCB100-D0C0-493E-BBA4-3CDC550B1BAA}.Debug|iPhone.ActiveCfg = Debug|Any CPU
		{C0DCB100-D0C0-493E-BBA4-3CDC550B1BAA}.Debug|iPhone.Build.0 = Debug|Any CPU
		{C0DCB100-D0C0-493E-BBA4-3CDC550B1BAA}.Debug|iPhone.Deploy.0 = Debug|Any CPU
		{C0DCB100-D0C0-493E-BBA4-3CDC550B1BAA}.Debug|iPhoneSimulator.ActiveCfg = Debug|Any CPU
		{C0DCB100-D0C0-493E-BBA4-3CDC550B1BAA}.Debug|iPhoneSimulator.Build.0 = Debug|Any CPU
		{C0DCB100-D0C0-493E-BBA4-3CDC550B1BAA}.Debug|iPhoneSimulator.Deploy.0 = Debug|Any CPU
		{C0DCB100-D0C0-493E-BBA4-3CDC550B1BAA}.Debug|x64.ActiveCfg = Debug|Any CPU
		{C0DCB100-D0C0-493E-BBA4-3CDC550B1BAA}.Debug|x64.Build.0 = Debug|Any CPU
		{C0DCB100-D0C0-493E-BBA4-3CDC550B1BAA}.Debug|x64.Deploy.0 = Debug|Any CPU
		{C0DCB100-D0C0-493E-BBA4-3CDC550B1BAA}.Debug|x86.ActiveCfg = Debug|Any CPU
		{C0DCB100-D0C0-493E-BBA4-3CDC550B1BAA}.Debug|x86.Build.0 = Debug|Any CPU
		{C0DCB100-D0C0-493E-BBA4-3CDC550B1BAA}.Debug|x86.Deploy.0 = Debug|Any CPU
		{C0DCB100-D0C0-493E-BBA4-3CDC550B1BAA}.Release|Any CPU.ActiveCfg = Release|Any CPU
		{C0DCB100-D0C0-493E-BBA4-3CDC550B1BAA}.Release|Any CPU.Build.0 = Release|Any CPU
		{C0DCB100-D0C0-493E-BBA4-3CDC550B1BAA}.Release|Any CPU.Deploy.0 = Release|Any CPU
		{C0DCB100-D0C0-493E-BBA4-3CDC550B1BAA}.Release|ARM.ActiveCfg = Release|Any CPU
		{C0DCB100-D0C0-493E-BBA4-3CDC550B1BAA}.Release|ARM.Build.0 = Release|Any CPU
		{C0DCB100-D0C0-493E-BBA4-3CDC550B1BAA}.Release|ARM.Deploy.0 = Release|Any CPU
		{C0DCB100-D0C0-493E-BBA4-3CDC550B1BAA}.Release|iPhone.ActiveCfg = Release|Any CPU
		{C0DCB100-D0C0-493E-BBA4-3CDC550B1BAA}.Release|iPhone.Build.0 = Release|Any CPU
		{C0DCB100-D0C0-493E-BBA4-3CDC550B1BAA}.Release|iPhone.Deploy.0 = Release|Any CPU
		{C0DCB100-D0C0-493E-BBA4-3CDC550B1BAA}.Release|iPhoneSimulator.ActiveCfg = Release|Any CPU
		{C0DCB100-D0C0-493E-BBA4-3CDC550B1BAA}.Release|iPhoneSimulator.Build.0 = Release|Any CPU
		{C0DCB100-D0C0-493E-BBA4-3CDC550B1BAA}.Release|iPhoneSimulator.Deploy.0 = Release|Any CPU
		{C0DCB100-D0C0-493E-BBA4-3CDC550B1BAA}.Release|x64.ActiveCfg = Release|Any CPU
		{C0DCB100-D0C0-493E-BBA4-3CDC550B1BAA}.Release|x64.Build.0 = Release|Any CPU
		{C0DCB100-D0C0-493E-BBA4-3CDC550B1BAA}.Release|x64.Deploy.0 = Release|Any CPU
		{C0DCB100-D0C0-493E-BBA4-3CDC550B1BAA}.Release|x86.ActiveCfg = Release|Any CPU
		{C0DCB100-D0C0-493E-BBA4-3CDC550B1BAA}.Release|x86.Build.0 = Release|Any CPU
		{C0DCB100-D0C0-493E-BBA4-3CDC550B1BAA}.Release|x86.Deploy.0 = Release|Any CPU
		{9EAB6060-B3CE-4CF2-81CD-DC8DA0A9084F}.Ad-Hoc|Any CPU.ActiveCfg = Release|Any CPU
		{9EAB6060-B3CE-4CF2-81CD-DC8DA0A9084F}.Ad-Hoc|Any CPU.Build.0 = Release|Any CPU
		{9EAB6060-B3CE-4CF2-81CD-DC8DA0A9084F}.Ad-Hoc|ARM.ActiveCfg = Release|Any CPU
		{9EAB6060-B3CE-4CF2-81CD-DC8DA0A9084F}.Ad-Hoc|ARM.Build.0 = Release|Any CPU
		{9EAB6060-B3CE-4CF2-81CD-DC8DA0A9084F}.Ad-Hoc|iPhone.ActiveCfg = Release|Any CPU
		{9EAB6060-B3CE-4CF2-81CD-DC8DA0A9084F}.Ad-Hoc|iPhone.Build.0 = Release|Any CPU
		{9EAB6060-B3CE-4CF2-81CD-DC8DA0A9084F}.Ad-Hoc|iPhoneSimulator.ActiveCfg = Release|Any CPU
		{9EAB6060-B3CE-4CF2-81CD-DC8DA0A9084F}.Ad-Hoc|iPhoneSimulator.Build.0 = Release|Any CPU
		{9EAB6060-B3CE-4CF2-81CD-DC8DA0A9084F}.Ad-Hoc|x64.ActiveCfg = Release|Any CPU
		{9EAB6060-B3CE-4CF2-81CD-DC8DA0A9084F}.Ad-Hoc|x64.Build.0 = Release|Any CPU
		{9EAB6060-B3CE-4CF2-81CD-DC8DA0A9084F}.Ad-Hoc|x86.ActiveCfg = Release|Any CPU
		{9EAB6060-B3CE-4CF2-81CD-DC8DA0A9084F}.Ad-Hoc|x86.Build.0 = Release|Any CPU
		{9EAB6060-B3CE-4CF2-81CD-DC8DA0A9084F}.AppStore|Any CPU.ActiveCfg = Release|Any CPU
		{9EAB6060-B3CE-4CF2-81CD-DC8DA0A9084F}.AppStore|Any CPU.Build.0 = Release|Any CPU
		{9EAB6060-B3CE-4CF2-81CD-DC8DA0A9084F}.AppStore|ARM.ActiveCfg = Release|Any CPU
		{9EAB6060-B3CE-4CF2-81CD-DC8DA0A9084F}.AppStore|ARM.Build.0 = Release|Any CPU
		{9EAB6060-B3CE-4CF2-81CD-DC8DA0A9084F}.AppStore|iPhone.ActiveCfg = Release|Any CPU
		{9EAB6060-B3CE-4CF2-81CD-DC8DA0A9084F}.AppStore|iPhone.Build.0 = Release|Any CPU
		{9EAB6060-B3CE-4CF2-81CD-DC8DA0A9084F}.AppStore|iPhoneSimulator.ActiveCfg = Release|Any CPU
		{9EAB6060-B3CE-4CF2-81CD-DC8DA0A9084F}.AppStore|iPhoneSimulator.Build.0 = Release|Any CPU
		{9EAB6060-B3CE-4CF2-81CD-DC8DA0A9084F}.AppStore|x64.ActiveCfg = Release|Any CPU
		{9EAB6060-B3CE-4CF2-81CD-DC8DA0A9084F}.AppStore|x64.Build.0 = Release|Any CPU
		{9EAB6060-B3CE-4CF2-81CD-DC8DA0A9084F}.AppStore|x86.ActiveCfg = Release|Any CPU
		{9EAB6060-B3CE-4CF2-81CD-DC8DA0A9084F}.AppStore|x86.Build.0 = Release|Any CPU
		{9EAB6060-B3CE-4CF2-81CD-DC8DA0A9084F}.Debug|Any CPU.ActiveCfg = Debug|Any CPU
		{9EAB6060-B3CE-4CF2-81CD-DC8DA0A9084F}.Debug|Any CPU.Build.0 = Debug|Any CPU
		{9EAB6060-B3CE-4CF2-81CD-DC8DA0A9084F}.Debug|ARM.ActiveCfg = Debug|Any CPU
		{9EAB6060-B3CE-4CF2-81CD-DC8DA0A9084F}.Debug|ARM.Build.0 = Debug|Any CPU
		{9EAB6060-B3CE-4CF2-81CD-DC8DA0A9084F}.Debug|iPhone.ActiveCfg = Debug|Any CPU
		{9EAB6060-B3CE-4CF2-81CD-DC8DA0A9084F}.Debug|iPhone.Build.0 = Debug|Any CPU
		{9EAB6060-B3CE-4CF2-81CD-DC8DA0A9084F}.Debug|iPhoneSimulator.ActiveCfg = Debug|Any CPU
		{9EAB6060-B3CE-4CF2-81CD-DC8DA0A9084F}.Debug|iPhoneSimulator.Build.0 = Debug|Any CPU
		{9EAB6060-B3CE-4CF2-81CD-DC8DA0A9084F}.Debug|x64.ActiveCfg = Debug|Any CPU
		{9EAB6060-B3CE-4CF2-81CD-DC8DA0A9084F}.Debug|x64.Build.0 = Debug|Any CPU
		{9EAB6060-B3CE-4CF2-81CD-DC8DA0A9084F}.Debug|x86.ActiveCfg = Debug|Any CPU
		{9EAB6060-B3CE-4CF2-81CD-DC8DA0A9084F}.Debug|x86.Build.0 = Debug|Any CPU
		{9EAB6060-B3CE-4CF2-81CD-DC8DA0A9084F}.Release|Any CPU.ActiveCfg = Release|Any CPU
		{9EAB6060-B3CE-4CF2-81CD-DC8DA0A9084F}.Release|Any CPU.Build.0 = Release|Any CPU
		{9EAB6060-B3CE-4CF2-81CD-DC8DA0A9084F}.Release|ARM.ActiveCfg = Release|Any CPU
		{9EAB6060-B3CE-4CF2-81CD-DC8DA0A9084F}.Release|ARM.Build.0 = Release|Any CPU
		{9EAB6060-B3CE-4CF2-81CD-DC8DA0A9084F}.Release|iPhone.ActiveCfg = Release|Any CPU
		{9EAB6060-B3CE-4CF2-81CD-DC8DA0A9084F}.Release|iPhone.Build.0 = Release|Any CPU
		{9EAB6060-B3CE-4CF2-81CD-DC8DA0A9084F}.Release|iPhoneSimulator.ActiveCfg = Release|Any CPU
		{9EAB6060-B3CE-4CF2-81CD-DC8DA0A9084F}.Release|iPhoneSimulator.Build.0 = Release|Any CPU
		{9EAB6060-B3CE-4CF2-81CD-DC8DA0A9084F}.Release|x64.ActiveCfg = Release|Any CPU
		{9EAB6060-B3CE-4CF2-81CD-DC8DA0A9084F}.Release|x64.Build.0 = Release|Any CPU
		{9EAB6060-B3CE-4CF2-81CD-DC8DA0A9084F}.Release|x86.ActiveCfg = Release|Any CPU
		{9EAB6060-B3CE-4CF2-81CD-DC8DA0A9084F}.Release|x86.Build.0 = Release|Any CPU
		{8AAA2591-1BAB-4273-9E50-C3AB22685176}.Ad-Hoc|Any CPU.ActiveCfg = Release|x86
		{8AAA2591-1BAB-4273-9E50-C3AB22685176}.Ad-Hoc|Any CPU.Build.0 = Release|x86
		{8AAA2591-1BAB-4273-9E50-C3AB22685176}.Ad-Hoc|Any CPU.Deploy.0 = Release|x86
		{8AAA2591-1BAB-4273-9E50-C3AB22685176}.Ad-Hoc|ARM.ActiveCfg = Release|ARM
		{8AAA2591-1BAB-4273-9E50-C3AB22685176}.Ad-Hoc|ARM.Build.0 = Release|ARM
		{8AAA2591-1BAB-4273-9E50-C3AB22685176}.Ad-Hoc|ARM.Deploy.0 = Release|ARM
		{8AAA2591-1BAB-4273-9E50-C3AB22685176}.Ad-Hoc|iPhone.ActiveCfg = Release|x86
		{8AAA2591-1BAB-4273-9E50-C3AB22685176}.Ad-Hoc|iPhone.Build.0 = Release|x86
		{8AAA2591-1BAB-4273-9E50-C3AB22685176}.Ad-Hoc|iPhone.Deploy.0 = Release|x86
		{8AAA2591-1BAB-4273-9E50-C3AB22685176}.Ad-Hoc|iPhoneSimulator.ActiveCfg = Release|x86
		{8AAA2591-1BAB-4273-9E50-C3AB22685176}.Ad-Hoc|iPhoneSimulator.Build.0 = Release|x86
		{8AAA2591-1BAB-4273-9E50-C3AB22685176}.Ad-Hoc|iPhoneSimulator.Deploy.0 = Release|x86
		{8AAA2591-1BAB-4273-9E50-C3AB22685176}.Ad-Hoc|x64.ActiveCfg = Release|x64
		{8AAA2591-1BAB-4273-9E50-C3AB22685176}.Ad-Hoc|x64.Build.0 = Release|x64
		{8AAA2591-1BAB-4273-9E50-C3AB22685176}.Ad-Hoc|x64.Deploy.0 = Release|x64
		{8AAA2591-1BAB-4273-9E50-C3AB22685176}.Ad-Hoc|x86.ActiveCfg = Release|x86
		{8AAA2591-1BAB-4273-9E50-C3AB22685176}.Ad-Hoc|x86.Build.0 = Release|x86
		{8AAA2591-1BAB-4273-9E50-C3AB22685176}.Ad-Hoc|x86.Deploy.0 = Release|x86
		{8AAA2591-1BAB-4273-9E50-C3AB22685176}.AppStore|Any CPU.ActiveCfg = Release|x86
		{8AAA2591-1BAB-4273-9E50-C3AB22685176}.AppStore|Any CPU.Build.0 = Release|x86
		{8AAA2591-1BAB-4273-9E50-C3AB22685176}.AppStore|Any CPU.Deploy.0 = Release|x86
		{8AAA2591-1BAB-4273-9E50-C3AB22685176}.AppStore|ARM.ActiveCfg = Release|ARM
		{8AAA2591-1BAB-4273-9E50-C3AB22685176}.AppStore|ARM.Build.0 = Release|ARM
		{8AAA2591-1BAB-4273-9E50-C3AB22685176}.AppStore|ARM.Deploy.0 = Release|ARM
		{8AAA2591-1BAB-4273-9E50-C3AB22685176}.AppStore|iPhone.ActiveCfg = Release|x86
		{8AAA2591-1BAB-4273-9E50-C3AB22685176}.AppStore|iPhone.Build.0 = Release|x86
		{8AAA2591-1BAB-4273-9E50-C3AB22685176}.AppStore|iPhone.Deploy.0 = Release|x86
		{8AAA2591-1BAB-4273-9E50-C3AB22685176}.AppStore|iPhoneSimulator.ActiveCfg = Release|x86
		{8AAA2591-1BAB-4273-9E50-C3AB22685176}.AppStore|iPhoneSimulator.Build.0 = Release|x86
		{8AAA2591-1BAB-4273-9E50-C3AB22685176}.AppStore|iPhoneSimulator.Deploy.0 = Release|x86
		{8AAA2591-1BAB-4273-9E50-C3AB22685176}.AppStore|x64.ActiveCfg = Release|x64
		{8AAA2591-1BAB-4273-9E50-C3AB22685176}.AppStore|x64.Build.0 = Release|x64
		{8AAA2591-1BAB-4273-9E50-C3AB22685176}.AppStore|x64.Deploy.0 = Release|x64
		{8AAA2591-1BAB-4273-9E50-C3AB22685176}.AppStore|x86.ActiveCfg = Release|x86
		{8AAA2591-1BAB-4273-9E50-C3AB22685176}.AppStore|x86.Build.0 = Release|x86
		{8AAA2591-1BAB-4273-9E50-C3AB22685176}.AppStore|x86.Deploy.0 = Release|x86
		{8AAA2591-1BAB-4273-9E50-C3AB22685176}.Debug|Any CPU.ActiveCfg = Debug|x86
		{8AAA2591-1BAB-4273-9E50-C3AB22685176}.Debug|Any CPU.Build.0 = Debug|x86
		{8AAA2591-1BAB-4273-9E50-C3AB22685176}.Debug|Any CPU.Deploy.0 = Debug|x86
		{8AAA2591-1BAB-4273-9E50-C3AB22685176}.Debug|ARM.ActiveCfg = Debug|ARM
		{8AAA2591-1BAB-4273-9E50-C3AB22685176}.Debug|ARM.Build.0 = Debug|ARM
		{8AAA2591-1BAB-4273-9E50-C3AB22685176}.Debug|ARM.Deploy.0 = Debug|ARM
		{8AAA2591-1BAB-4273-9E50-C3AB22685176}.Debug|iPhone.ActiveCfg = Debug|x86
		{8AAA2591-1BAB-4273-9E50-C3AB22685176}.Debug|iPhoneSimulator.ActiveCfg = Debug|x86
		{8AAA2591-1BAB-4273-9E50-C3AB22685176}.Debug|x64.ActiveCfg = Debug|x64
		{8AAA2591-1BAB-4273-9E50-C3AB22685176}.Debug|x64.Build.0 = Debug|x64
		{8AAA2591-1BAB-4273-9E50-C3AB22685176}.Debug|x64.Deploy.0 = Debug|x64
		{8AAA2591-1BAB-4273-9E50-C3AB22685176}.Debug|x86.ActiveCfg = Debug|x86
		{8AAA2591-1BAB-4273-9E50-C3AB22685176}.Debug|x86.Build.0 = Debug|x86
		{8AAA2591-1BAB-4273-9E50-C3AB22685176}.Debug|x86.Deploy.0 = Debug|x86
		{8AAA2591-1BAB-4273-9E50-C3AB22685176}.Release|Any CPU.ActiveCfg = Release|x86
		{8AAA2591-1BAB-4273-9E50-C3AB22685176}.Release|ARM.ActiveCfg = Release|ARM
		{8AAA2591-1BAB-4273-9E50-C3AB22685176}.Release|ARM.Build.0 = Release|ARM
		{8AAA2591-1BAB-4273-9E50-C3AB22685176}.Release|ARM.Deploy.0 = Release|ARM
		{8AAA2591-1BAB-4273-9E50-C3AB22685176}.Release|iPhone.ActiveCfg = Release|x86
		{8AAA2591-1BAB-4273-9E50-C3AB22685176}.Release|iPhoneSimulator.ActiveCfg = Release|x86
		{8AAA2591-1BAB-4273-9E50-C3AB22685176}.Release|x64.ActiveCfg = Release|x64
		{8AAA2591-1BAB-4273-9E50-C3AB22685176}.Release|x64.Build.0 = Release|x64
		{8AAA2591-1BAB-4273-9E50-C3AB22685176}.Release|x64.Deploy.0 = Release|x64
		{8AAA2591-1BAB-4273-9E50-C3AB22685176}.Release|x86.ActiveCfg = Release|x86
		{8AAA2591-1BAB-4273-9E50-C3AB22685176}.Release|x86.Build.0 = Release|x86
		{8AAA2591-1BAB-4273-9E50-C3AB22685176}.Release|x86.Deploy.0 = Release|x86
		{C5B9BCE6-AD77-45E2-A02F-7FA99CCDA8AD}.Ad-Hoc|Any CPU.ActiveCfg = Ad-Hoc|iPhone
		{C5B9BCE6-AD77-45E2-A02F-7FA99CCDA8AD}.Ad-Hoc|ARM.ActiveCfg = Ad-Hoc|iPhone
		{C5B9BCE6-AD77-45E2-A02F-7FA99CCDA8AD}.Ad-Hoc|iPhone.ActiveCfg = Ad-Hoc|iPhone
		{C5B9BCE6-AD77-45E2-A02F-7FA99CCDA8AD}.Ad-Hoc|iPhone.Build.0 = Ad-Hoc|iPhone
		{C5B9BCE6-AD77-45E2-A02F-7FA99CCDA8AD}.Ad-Hoc|iPhoneSimulator.ActiveCfg = Ad-Hoc|iPhoneSimulator
		{C5B9BCE6-AD77-45E2-A02F-7FA99CCDA8AD}.Ad-Hoc|iPhoneSimulator.Build.0 = Ad-Hoc|iPhoneSimulator
		{C5B9BCE6-AD77-45E2-A02F-7FA99CCDA8AD}.Ad-Hoc|x64.ActiveCfg = Ad-Hoc|iPhone
		{C5B9BCE6-AD77-45E2-A02F-7FA99CCDA8AD}.Ad-Hoc|x86.ActiveCfg = Ad-Hoc|iPhone
		{C5B9BCE6-AD77-45E2-A02F-7FA99CCDA8AD}.AppStore|Any CPU.ActiveCfg = AppStore|iPhone
		{C5B9BCE6-AD77-45E2-A02F-7FA99CCDA8AD}.AppStore|ARM.ActiveCfg = AppStore|iPhone
		{C5B9BCE6-AD77-45E2-A02F-7FA99CCDA8AD}.AppStore|iPhone.ActiveCfg = AppStore|iPhone
		{C5B9BCE6-AD77-45E2-A02F-7FA99CCDA8AD}.AppStore|iPhone.Build.0 = AppStore|iPhone
		{C5B9BCE6-AD77-45E2-A02F-7FA99CCDA8AD}.AppStore|iPhoneSimulator.ActiveCfg = AppStore|iPhoneSimulator
		{C5B9BCE6-AD77-45E2-A02F-7FA99CCDA8AD}.AppStore|iPhoneSimulator.Build.0 = AppStore|iPhoneSimulator
		{C5B9BCE6-AD77-45E2-A02F-7FA99CCDA8AD}.AppStore|x64.ActiveCfg = AppStore|iPhone
		{C5B9BCE6-AD77-45E2-A02F-7FA99CCDA8AD}.AppStore|x86.ActiveCfg = AppStore|iPhone
		{C5B9BCE6-AD77-45E2-A02F-7FA99CCDA8AD}.Debug|Any CPU.ActiveCfg = Debug|iPhone
		{C5B9BCE6-AD77-45E2-A02F-7FA99CCDA8AD}.Debug|ARM.ActiveCfg = Debug|iPhone
		{C5B9BCE6-AD77-45E2-A02F-7FA99CCDA8AD}.Debug|iPhone.ActiveCfg = Debug|iPhone
		{C5B9BCE6-AD77-45E2-A02F-7FA99CCDA8AD}.Debug|iPhone.Build.0 = Debug|iPhone
		{C5B9BCE6-AD77-45E2-A02F-7FA99CCDA8AD}.Debug|iPhoneSimulator.ActiveCfg = Debug|iPhoneSimulator
		{C5B9BCE6-AD77-45E2-A02F-7FA99CCDA8AD}.Debug|iPhoneSimulator.Build.0 = Debug|iPhoneSimulator
		{C5B9BCE6-AD77-45E2-A02F-7FA99CCDA8AD}.Debug|x64.ActiveCfg = Debug|iPhone
		{C5B9BCE6-AD77-45E2-A02F-7FA99CCDA8AD}.Debug|x86.ActiveCfg = Debug|iPhone
		{C5B9BCE6-AD77-45E2-A02F-7FA99CCDA8AD}.Release|Any CPU.ActiveCfg = Release|iPhone
		{C5B9BCE6-AD77-45E2-A02F-7FA99CCDA8AD}.Release|ARM.ActiveCfg = Release|iPhone
		{C5B9BCE6-AD77-45E2-A02F-7FA99CCDA8AD}.Release|iPhone.ActiveCfg = Release|iPhone
		{C5B9BCE6-AD77-45E2-A02F-7FA99CCDA8AD}.Release|iPhone.Build.0 = Release|iPhone
		{C5B9BCE6-AD77-45E2-A02F-7FA99CCDA8AD}.Release|iPhoneSimulator.ActiveCfg = Release|iPhoneSimulator
		{C5B9BCE6-AD77-45E2-A02F-7FA99CCDA8AD}.Release|iPhoneSimulator.Build.0 = Release|iPhoneSimulator
		{C5B9BCE6-AD77-45E2-A02F-7FA99CCDA8AD}.Release|x64.ActiveCfg = Release|iPhone
		{C5B9BCE6-AD77-45E2-A02F-7FA99CCDA8AD}.Release|x86.ActiveCfg = Release|iPhone
	EndGlobalSection
	GlobalSection(SolutionProperties) = preSolution
		HideSolutionNode = FALSE
	EndGlobalSection
EndGlobal
